
Microsoft Visual Studio Solution File, Format Version 12.00
# Visual Studio Version 16
VisualStudioVersion = 16.0.32126.315
MinimumVisualStudioVersion = 10.0.40219.1
Project("{FAE04EC0-301F-11D3-BF4B-00C04F79EFBC}") = "Pokedex.BlazorWASM", "Pokedex.BlazorWASM\Pokedex.BlazorWASM.csproj", "{080AB2A5-80EC-491D-A852-4F949FB4F4DE}"
EndProject
Global
	GlobalSection(SolutionConfigurationPlatforms) = preSolution
		Debug|Any CPU = Debug|Any CPU
		Release|Any CPU = Release|Any CPU
	EndGlobalSection
	GlobalSection(ProjectConfigurationPlatforms) = postSolution
		{080AB2A5-80EC-491D-A852-4F949FB4F4DE}.Debug|Any CPU.ActiveCfg = Debug|Any CPU
		{080AB2A5-80EC-491D-A852-4F949FB4F4DE}.Debug|Any CPU.Build.0 = Debug|Any CPU
		{080AB2A5-80EC-491D-A852-4F949FB4F4DE}.Release|Any CPU.ActiveCfg = Release|Any CPU
		{080AB2A5-80EC-491D-A852-4F949FB4F4DE}.Release|Any CPU.Build.0 = Release|Any CPU
	EndGlobalSection
	GlobalSection(SolutionProperties) = preSolution
		HideSolutionNode = FALSE
	EndGlobalSection
	GlobalSection(ExtensibilityGlobals) = postSolution
		SolutionGuid = {B0A6F806-D60B-4DEA-A3C8-1C8C17BDC9B6}
	EndGlobalSection
EndGlobal
